{
  "requires": true,
  "lockfileVersion": 1,
  "dependencies": {
    "plotly.js-dist": {
      "version": "2.3.0",
      "resolved": "https://registry.npmjs.org/plotly.js-dist/-/plotly.js-dist-2.3.0.tgz",
      "integrity": "sha512-YCQpWtMZu9UCX5z9/kxwQT1ZESjdid+RUuGjtQyoKfZW6L/mKstXyEz3JNEFbVzoEq4KIEAfBHIN4WdTbOwfAw=="
    }
  }
}
